<?xml version="1.0" encoding="utf-8"?>
<Project ToolsVersion="16.0" xmlns="http://schemas.microsoft.com/developer/msbuild/2003">
  <ItemGroup>
    <CustomBuild Include="C:\Users\cotaa\Downloads\mesa-20.2.0.tar\mesa-20.2.0\mesa-20.2.0\builddir\meson-private\cmake_ZLIB\CMakeFiles\fef01e89bcb342159a9b9fe3a2f4dbb2\generate.stamp.rule">
      <Filter>CMake Rules</Filter>
    </CustomBuild>
  </ItemGroup>
  <ItemGroup>
    <Filter Include="CMake Rules">
      <UniqueIdentifier>{CBEBCF3A-987F-368B-8AA0-91332B9528F4}</UniqueIdentifier>
    </Filter>
  </ItemGroup>
</Project>
